
Microsoft Visual Studio Solution File, Format Version 12.00
# Visual Studio Version 17
VisualStudioVersion = 17.0.31903.59
MinimumVisualStudioVersion = 10.0.40219.1
Project("{FAE04EC0-301F-11D3-BF4B-00C04F79EFBC}") = "cardData", "cardData\cardData.csproj", "{A088241D-1716-428E-B06E-4E5A6EAF4FC1}"
EndProject
Global
	GlobalSection(SolutionConfigurationPlatforms) = preSolution
		Debug|Any CPU = Debug|Any CPU
		Release|Any CPU = Release|Any CPU
	EndGlobalSection
	GlobalSection(ProjectConfigurationPlatforms) = postSolution
		{A088241D-1716-428E-B06E-4E5A6EAF4FC1}.Debug|Any CPU.ActiveCfg = Debug|Any CPU
		{A088241D-1716-428E-B06E-4E5A6EAF4FC1}.Debug|Any CPU.Build.0 = Debug|Any CPU
		{A088241D-1716-428E-B06E-4E5A6EAF4FC1}.Release|Any CPU.ActiveCfg = Release|Any CPU
		{A088241D-1716-428E-B06E-4E5A6EAF4FC1}.Release|Any CPU.Build.0 = Release|Any CPU
	EndGlobalSection
	GlobalSection(SolutionProperties) = preSolution
		HideSolutionNode = FALSE
	EndGlobalSection
	GlobalSection(ExtensibilityGlobals) = postSolution
		SolutionGuid = {F7E0E14C-230C-4F22-A6AA-5C4088793464}
	EndGlobalSection
EndGlobal
